
Microsoft Visual Studio Solution File, Format Version 12.00
# Visual Studio Version 17
VisualStudioVersion = 17.9.34728.123
MinimumVisualStudioVersion = 10.0.40219.1
Project("{9A19103F-16F7-4668-BE54-9A1E7A4F7556}") = "sharp-grad", "sharp-grad.csproj", "{26AC45CA-F0D7-43B3-88D5-87C388283778}"
EndProject
Global
	GlobalSection(SolutionConfigurationPlatforms) = preSolution
		Debug|Any CPU = Debug|Any CPU
		Release|Any CPU = Release|Any CPU
	EndGlobalSection
	GlobalSection(ProjectConfigurationPlatforms) = postSolution
		{26AC45CA-F0D7-43B3-88D5-87C388283778}.Debug|Any CPU.ActiveCfg = Debug|Any CPU
		{26AC45CA-F0D7-43B3-88D5-87C388283778}.Debug|Any CPU.Build.0 = Debug|Any CPU
		{26AC45CA-F0D7-43B3-88D5-87C388283778}.Release|Any CPU.ActiveCfg = Release|Any CPU
		{26AC45CA-F0D7-43B3-88D5-87C388283778}.Release|Any CPU.Build.0 = Release|Any CPU
	EndGlobalSection
	GlobalSection(SolutionProperties) = preSolution
		HideSolutionNode = FALSE
	EndGlobalSection
	GlobalSection(ExtensibilityGlobals) = postSolution
		SolutionGuid = {0B7B2D88-80C1-430E-A1B1-AFECD495C291}
	EndGlobalSection
EndGlobal
